
Microsoft Visual Studio Solution File, Format Version 12.00
# Visual Studio Version 16
VisualStudioVersion = 16.0.32106.194
MinimumVisualStudioVersion = 10.0.40219.1
Project("{FAE04EC0-301F-11D3-BF4B-00C04F79EFBC}") = "WpfApp3", "WpfApp3\WpfApp3.csproj", "{56A5138B-4255-4E8B-A45A-9BED8FD3842E}"
EndProject
Global
	GlobalSection(SolutionConfigurationPlatforms) = preSolution
		Debug|Any CPU = Debug|Any CPU
		Release|Any CPU = Release|Any CPU
	EndGlobalSection
	GlobalSection(ProjectConfigurationPlatforms) = postSolution
		{56A5138B-4255-4E8B-A45A-9BED8FD3842E}.Debug|Any CPU.ActiveCfg = Debug|Any CPU
		{56A5138B-4255-4E8B-A45A-9BED8FD3842E}.Debug|Any CPU.Build.0 = Debug|Any CPU
		{56A5138B-4255-4E8B-A45A-9BED8FD3842E}.Release|Any CPU.ActiveCfg = Release|Any CPU
		{56A5138B-4255-4E8B-A45A-9BED8FD3842E}.Release|Any CPU.Build.0 = Release|Any CPU
	EndGlobalSection
	GlobalSection(SolutionProperties) = preSolution
		HideSolutionNode = FALSE
	EndGlobalSection
	GlobalSection(ExtensibilityGlobals) = postSolution
		SolutionGuid = {04C4DC10-C3B9-4530-BF0A-E58827EE6910}
	EndGlobalSection
EndGlobal
